
Microsoft Visual Studio Solution File, Format Version 12.00
# Visual Studio Version 16
VisualStudioVersion = 16.0.29020.237
MinimumVisualStudioVersion = 10.0.40219.1
Project("{FAE04EC0-301F-11D3-BF4B-00C04F79EFBC}") = "MicroBus.Android", "MicroBus\MicroBus.Android\MicroBus.Android.csproj", "{122E6B27-8A64-4F25-99C8-6C4D39E2C26D}"
EndProject
Project("{FAE04EC0-301F-11D3-BF4B-00C04F79EFBC}") = "MicroBus", "MicroBus\MicroBus\MicroBus.csproj", "{55F796DF-403C-4F14-905F-AE51BDFA40F2}"
EndProject
Global
	GlobalSection(SolutionConfigurationPlatforms) = preSolution
		Debug|Any CPU = Debug|Any CPU
		Release|Any CPU = Release|Any CPU
	EndGlobalSection
	GlobalSection(ProjectConfigurationPlatforms) = postSolution
		{122E6B27-8A64-4F25-99C8-6C4D39E2C26D}.Debug|Any CPU.ActiveCfg = Debug|Any CPU
		{122E6B27-8A64-4F25-99C8-6C4D39E2C26D}.Debug|Any CPU.Build.0 = Debug|Any CPU
		{122E6B27-8A64-4F25-99C8-6C4D39E2C26D}.Debug|Any CPU.Deploy.0 = Debug|Any CPU
		{122E6B27-8A64-4F25-99C8-6C4D39E2C26D}.Release|Any CPU.ActiveCfg = Release|Any CPU
		{122E6B27-8A64-4F25-99C8-6C4D39E2C26D}.Release|Any CPU.Build.0 = Release|Any CPU
		{122E6B27-8A64-4F25-99C8-6C4D39E2C26D}.Release|Any CPU.Deploy.0 = Release|Any CPU
		{55F796DF-403C-4F14-905F-AE51BDFA40F2}.Debug|Any CPU.ActiveCfg = Debug|Any CPU
		{55F796DF-403C-4F14-905F-AE51BDFA40F2}.Debug|Any CPU.Build.0 = Debug|Any CPU
		{55F796DF-403C-4F14-905F-AE51BDFA40F2}.Debug|Any CPU.Deploy.0 = Debug|Any CPU
		{55F796DF-403C-4F14-905F-AE51BDFA40F2}.Release|Any CPU.ActiveCfg = Release|Any CPU
		{55F796DF-403C-4F14-905F-AE51BDFA40F2}.Release|Any CPU.Build.0 = Release|Any CPU
		{55F796DF-403C-4F14-905F-AE51BDFA40F2}.Release|Any CPU.Deploy.0 = Release|Any CPU
	EndGlobalSection
	GlobalSection(SolutionProperties) = preSolution
		HideSolutionNode = FALSE
	EndGlobalSection
	GlobalSection(ExtensibilityGlobals) = postSolution
		SolutionGuid = {420B4623-8588-44DB-B7C3-E3F5679AC5D6}
	EndGlobalSection
EndGlobal
